
Microsoft Visual Studio Solution File, Format Version 11.00
# Visual Studio 2010
Project("{8BC9CEB8-8B4A-11D0-8D11-00A0C91BC942}") = "game", "game.vcxproj", "{4312203B-4D39-B527-306A-9810346CD01A}"
EndProject
Global
	GlobalSection(SolutionConfigurationPlatforms) = preSolution
		Debug Alpha|Win32 = Debug Alpha|Win32
		Debug|Win32 = Debug|Win32
		Release Alpha|Win32 = Release Alpha|Win32
		Release|Win32 = Release|Win32
	EndGlobalSection
	GlobalSection(ProjectConfigurationPlatforms) = postSolution
		{4312203B-4D39-B527-306A-9810346CD01A}.Debug Alpha|Win32.ActiveCfg = Debug Alpha|Win32
		{4312203B-4D39-B527-306A-9810346CD01A}.Debug Alpha|Win32.Build.0 = Debug Alpha|Win32
		{4312203B-4D39-B527-306A-9810346CD01A}.Debug|Win32.ActiveCfg = Debug|Win32
		{4312203B-4D39-B527-306A-9810346CD01A}.Debug|Win32.Build.0 = Debug|Win32
		{4312203B-4D39-B527-306A-9810346CD01A}.Release Alpha|Win32.ActiveCfg = Release Alpha|Win32
		{4312203B-4D39-B527-306A-9810346CD01A}.Release Alpha|Win32.Build.0 = Release Alpha|Win32
		{4312203B-4D39-B527-306A-9810346CD01A}.Release|Win32.ActiveCfg = Release|Win32
		{4312203B-4D39-B527-306A-9810346CD01A}.Release|Win32.Build.0 = Release|Win32
	EndGlobalSection
	GlobalSection(SolutionProperties) = preSolution
		HideSolutionNode = FALSE
	EndGlobalSection
EndGlobal
